
Microsoft Visual Studio Solution File, Format Version 12.00
# Visual Studio Version 17
VisualStudioVersion = 17.5.002.0
MinimumVisualStudioVersion = 10.0.40219.1
Project("{2150E333-8FDC-42A3-9474-1A3956D46DE8}") = "csharp-prep", "csharp-prep", "{4E5C86FB-5786-4481-84C5-A8FEF4330356}"
EndProject
Project("{9A19103F-16F7-4668-BE54-9A1E7A4F7556}") = "Prep1", "csharp-prep\Prep1\Prep1.csproj", "{0C5D4E73-513B-45B9-9E5A-FD998FB90073}"
EndProject
Project("{9A19103F-16F7-4668-BE54-9A1E7A4F7556}") = "Prep2", "csharp-prep\Prep2\Prep2.csproj", "{F4384A76-889D-40CF-8DD4-C6F0384CF802}"
EndProject
Project("{9A19103F-16F7-4668-BE54-9A1E7A4F7556}") = "Prep3", "csharp-prep\Prep3\Prep3.csproj", "{40A01300-9EED-42F0-AFF9-311FC2A49DF8}"
EndProject
Project("{9A19103F-16F7-4668-BE54-9A1E7A4F7556}") = "Prep4", "csharp-prep\Prep4\Prep4.csproj", "{9D2F65D8-875B-421B-9BA7-EEC6B0A57B0D}"
EndProject
Project("{9A19103F-16F7-4668-BE54-9A1E7A4F7556}") = "Prep5", "csharp-prep\Prep5\Prep5.csproj", "{0452F37A-9339-476D-8D92-43BE9E0996A4}"
EndProject
Project("{2150E333-8FDC-42A3-9474-1A3956D46DE8}") = "final", "final", "{F902F0A7-76B8-492D-B1F7-A61C9ECE773F}"
EndProject
Project("{9A19103F-16F7-4668-BE54-9A1E7A4F7556}") = "FinalProject", "final\FinalProject\FinalProject.csproj", "{6E76BB0E-9FC4-4DC8-A52F-8B754139B46C}"
EndProject
Project("{9A19103F-16F7-4668-BE54-9A1E7A4F7556}") = "Foundation1", "final\Foundation1\Foundation1.csproj", "{69D452DA-B552-4744-A344-467C2B85A02B}"
EndProject
Project("{9A19103F-16F7-4668-BE54-9A1E7A4F7556}") = "Foundation2", "final\Foundation2\Foundation2.csproj", "{1260BFA5-1048-4299-8A17-C18FB3CD3A4D}"
EndProject
Project("{9A19103F-16F7-4668-BE54-9A1E7A4F7556}") = "Foundation3", "final\Foundation3\Foundation3.csproj", "{A18132D3-D819-4BC6-9E5F-4292C2574254}"
EndProject
Project("{9A19103F-16F7-4668-BE54-9A1E7A4F7556}") = "Foundation4", "final\Foundation4\Foundation4.csproj", "{7AD70A51-2BB0-4FE6-BF78-8A819651172A}"
EndProject
Project("{2150E333-8FDC-42A3-9474-1A3956D46DE8}") = "prepare", "prepare", "{09AE923B-65D4-492D-BCBF-2CE29008EDBD}"
EndProject
Project("{9A19103F-16F7-4668-BE54-9A1E7A4F7556}") = "Learning02", "prepare\Learning02\Learning02.csproj", "{5F01B881-A9A5-4A2F-9240-4B297171D1BC}"
EndProject
Project("{9A19103F-16F7-4668-BE54-9A1E7A4F7556}") = "Learning03", "prepare\Learning03\Learning03.csproj", "{814091E3-A766-4482-B7F5-DD54988B482E}"
EndProject
Project("{9A19103F-16F7-4668-BE54-9A1E7A4F7556}") = "Learning04", "prepare\Learning04\Learning04.csproj", "{02075545-FC81-4699-A578-74AF196F5225}"
EndProject
Project("{9A19103F-16F7-4668-BE54-9A1E7A4F7556}") = "Learning05", "prepare\Learning05\Learning05.csproj", "{053765A7-FC1A-4669-9C51-338C2D65F3F6}"
EndProject
Project("{2150E333-8FDC-42A3-9474-1A3956D46DE8}") = "prove", "prove", "{7B6229AF-44B6-4059-97B7-546DDE0222D2}"
EndProject
Project("{9A19103F-16F7-4668-BE54-9A1E7A4F7556}") = "Develop02", "prove\Develop02\Develop02.csproj", "{B08F0B50-9C46-4BB8-A068-D1E42F462459}"
EndProject
Project("{9A19103F-16F7-4668-BE54-9A1E7A4F7556}") = "Develop03", "prove\Develop03\Develop03.csproj", "{900585F7-A99B-4794-8E88-7BAACA9BFBFF}"
EndProject
Project("{9A19103F-16F7-4668-BE54-9A1E7A4F7556}") = "Develop04", "prove\Develop04\Develop04.csproj", "{5657B4BE-04FB-4B8E-8F02-587393D22938}"
EndProject
Project("{9A19103F-16F7-4668-BE54-9A1E7A4F7556}") = "Develop05", "prove\Develop05\Develop05.csproj", "{AB245A9D-1D27-446B-914A-C84AC8AEC559}"
EndProject
Project("{2150E333-8FDC-42A3-9474-1A3956D46DE8}") = "sandbox", "sandbox", "{D4636E32-9B4C-49CC-989E-6C149C2FEDFC}"
EndProject
Project("{9A19103F-16F7-4668-BE54-9A1E7A4F7556}") = "Sandbox", "sandbox\Sandbox\Sandbox.csproj", "{4C7FDEF4-089F-454F-847D-2EAE62555E15}"
EndProject
Global
	GlobalSection(SolutionConfigurationPlatforms) = preSolution
		Debug|Any CPU = Debug|Any CPU
		Release|Any CPU = Release|Any CPU
	EndGlobalSection
	GlobalSection(ProjectConfigurationPlatforms) = postSolution
		{0C5D4E73-513B-45B9-9E5A-FD998FB90073}.Debug|Any CPU.ActiveCfg = Debug|Any CPU
		{0C5D4E73-513B-45B9-9E5A-FD998FB90073}.Debug|Any CPU.Build.0 = Debug|Any CPU
		{0C5D4E73-513B-45B9-9E5A-FD998FB90073}.Release|Any CPU.ActiveCfg = Release|Any CPU
		{0C5D4E73-513B-45B9-9E5A-FD998FB90073}.Release|Any CPU.Build.0 = Release|Any CPU
		{F4384A76-889D-40CF-8DD4-C6F0384CF802}.Debug|Any CPU.ActiveCfg = Debug|Any CPU
		{F4384A76-889D-40CF-8DD4-C6F0384CF802}.Debug|Any CPU.Build.0 = Debug|Any CPU
		{F4384A76-889D-40CF-8DD4-C6F0384CF802}.Release|Any CPU.ActiveCfg = Release|Any CPU
		{F4384A76-889D-40CF-8DD4-C6F0384CF802}.Release|Any CPU.Build.0 = Release|Any CPU
		{40A01300-9EED-42F0-AFF9-311FC2A49DF8}.Debug|Any CPU.ActiveCfg = Debug|Any CPU
		{40A01300-9EED-42F0-AFF9-311FC2A49DF8}.Debug|Any CPU.Build.0 = Debug|Any CPU
		{40A01300-9EED-42F0-AFF9-311FC2A49DF8}.Release|Any CPU.ActiveCfg = Release|Any CPU
		{40A01300-9EED-42F0-AFF9-311FC2A49DF8}.Release|Any CPU.Build.0 = Release|Any CPU
		{9D2F65D8-875B-421B-9BA7-EEC6B0A57B0D}.Debug|Any CPU.ActiveCfg = Debug|Any CPU
		{9D2F65D8-875B-421B-9BA7-EEC6B0A57B0D}.Debug|Any CPU.Build.0 = Debug|Any CPU
		{9D2F65D8-875B-421B-9BA7-EEC6B0A57B0D}.Release|Any CPU.ActiveCfg = Release|Any CPU
		{9D2F65D8-875B-421B-9BA7-EEC6B0A57B0D}.Release|Any CPU.Build.0 = Release|Any CPU
		{0452F37A-9339-476D-8D92-43BE9E0996A4}.Debug|Any CPU.ActiveCfg = Debug|Any CPU
		{0452F37A-9339-476D-8D92-43BE9E0996A4}.Debug|Any CPU.Build.0 = Debug|Any CPU
		{0452F37A-9339-476D-8D92-43BE9E0996A4}.Release|Any CPU.ActiveCfg = Release|Any CPU
		{0452F37A-9339-476D-8D92-43BE9E0996A4}.Release|Any CPU.Build.0 = Release|Any CPU
		{6E76BB0E-9FC4-4DC8-A52F-8B754139B46C}.Debug|Any CPU.ActiveCfg = Debug|Any CPU
		{6E76BB0E-9FC4-4DC8-A52F-8B754139B46C}.Debug|Any CPU.Build.0 = Debug|Any CPU
		{6E76BB0E-9FC4-4DC8-A52F-8B754139B46C}.Release|Any CPU.ActiveCfg = Release|Any CPU
		{6E76BB0E-9FC4-4DC8-A52F-8B754139B46C}.Release|Any CPU.Build.0 = Release|Any CPU
		{69D452DA-B552-4744-A344-467C2B85A02B}.Debug|Any CPU.ActiveCfg = Debug|Any CPU
		{69D452DA-B552-4744-A344-467C2B85A02B}.Debug|Any CPU.Build.0 = Debug|Any CPU
		{69D452DA-B552-4744-A344-467C2B85A02B}.Release|Any CPU.ActiveCfg = Release|Any CPU
		{69D452DA-B552-4744-A344-467C2B85A02B}.Release|Any CPU.Build.0 = Release|Any CPU
		{1260BFA5-1048-4299-8A17-C18FB3CD3A4D}.Debug|Any CPU.ActiveCfg = Debug|Any CPU
		{1260BFA5-1048-4299-8A17-C18FB3CD3A4D}.Debug|Any CPU.Build.0 = Debug|Any CPU
		{1260BFA5-1048-4299-8A17-C18FB3CD3A4D}.Release|Any CPU.ActiveCfg = Release|Any CPU
		{1260BFA5-1048-4299-8A17-C18FB3CD3A4D}.Release|Any CPU.Build.0 = Release|Any CPU
		{A18132D3-D819-4BC6-9E5F-4292C2574254}.Debug|Any CPU.ActiveCfg = Debug|Any CPU
		{A18132D3-D819-4BC6-9E5F-4292C2574254}.Debug|Any CPU.Build.0 = Debug|Any CPU
		{A18132D3-D819-4BC6-9E5F-4292C2574254}.Release|Any CPU.ActiveCfg = Release|Any CPU
		{A18132D3-D819-4BC6-9E5F-4292C2574254}.Release|Any CPU.Build.0 = Release|Any CPU
		{7AD70A51-2BB0-4FE6-BF78-8A819651172A}.Debug|Any CPU.ActiveCfg = Debug|Any CPU
		{7AD70A51-2BB0-4FE6-BF78-8A819651172A}.Debug|Any CPU.Build.0 = Debug|Any CPU
		{7AD70A51-2BB0-4FE6-BF78-8A819651172A}.Release|Any CPU.ActiveCfg = Release|Any CPU
		{7AD70A51-2BB0-4FE6-BF78-8A819651172A}.Release|Any CPU.Build.0 = Release|Any CPU
		{5F01B881-A9A5-4A2F-9240-4B297171D1BC}.Debug|Any CPU.ActiveCfg = Debug|Any CPU
		{5F01B881-A9A5-4A2F-9240-4B297171D1BC}.Debug|Any CPU.Build.0 = Debug|Any CPU
		{5F01B881-A9A5-4A2F-9240-4B297171D1BC}.Release|Any CPU.ActiveCfg = Release|Any CPU
		{5F01B881-A9A5-4A2F-9240-4B297171D1BC}.Release|Any CPU.Build.0 = Release|Any CPU
		{814091E3-A766-4482-B7F5-DD54988B482E}.Debug|Any CPU.ActiveCfg = Debug|Any CPU
		{814091E3-A766-4482-B7F5-DD54988B482E}.Debug|Any CPU.Build.0 = Debug|Any CPU
		{814091E3-A766-4482-B7F5-DD54988B482E}.Release|Any CPU.ActiveCfg = Release|Any CPU
		{814091E3-A766-4482-B7F5-DD54988B482E}.Release|Any CPU.Build.0 = Release|Any CPU
		{02075545-FC81-4699-A578-74AF196F5225}.Debug|Any CPU.ActiveCfg = Debug|Any CPU
		{02075545-FC81-4699-A578-74AF196F5225}.Debug|Any CPU.Build.0 = Debug|Any CPU
		{02075545-FC81-4699-A578-74AF196F5225}.Release|Any CPU.ActiveCfg = Release|Any CPU
		{02075545-FC81-4699-A578-74AF196F5225}.Release|Any CPU.Build.0 = Release|Any CPU
		{053765A7-FC1A-4669-9C51-338C2D65F3F6}.Debug|Any CPU.ActiveCfg = Debug|Any CPU
		{053765A7-FC1A-4669-9C51-338C2D65F3F6}.Debug|Any CPU.Build.0 = Debug|Any CPU
		{053765A7-FC1A-4669-9C51-338C2D65F3F6}.Release|Any CPU.ActiveCfg = Release|Any CPU
		{053765A7-FC1A-4669-9C51-338C2D65F3F6}.Release|Any CPU.Build.0 = Release|Any CPU
		{B08F0B50-9C46-4BB8-A068-D1E42F462459}.Debug|Any CPU.ActiveCfg = Debug|Any CPU
		{B08F0B50-9C46-4BB8-A068-D1E42F462459}.Debug|Any CPU.Build.0 = Debug|Any CPU
		{B08F0B50-9C46-4BB8-A068-D1E42F462459}.Release|Any CPU.ActiveCfg = Release|Any CPU
		{B08F0B50-9C46-4BB8-A068-D1E42F462459}.Release|Any CPU.Build.0 = Release|Any CPU
		{900585F7-A99B-4794-8E88-7BAACA9BFBFF}.Debug|Any CPU.ActiveCfg = Debug|Any CPU
		{900585F7-A99B-4794-8E88-7BAACA9BFBFF}.Debug|Any CPU.Build.0 = Debug|Any CPU
		{900585F7-A99B-4794-8E88-7BAACA9BFBFF}.Release|Any CPU.ActiveCfg = Release|Any CPU
		{900585F7-A99B-4794-8E88-7BAACA9BFBFF}.Release|Any CPU.Build.0 = Release|Any CPU
		{5657B4BE-04FB-4B8E-8F02-587393D22938}.Debug|Any CPU.ActiveCfg = Debug|Any CPU
		{5657B4BE-04FB-4B8E-8F02-587393D22938}.Debug|Any CPU.Build.0 = Debug|Any CPU
		{5657B4BE-04FB-4B8E-8F02-587393D22938}.Release|Any CPU.ActiveCfg = Release|Any CPU
		{5657B4BE-04FB-4B8E-8F02-587393D22938}.Release|Any CPU.Build.0 = Release|Any CPU
		{AB245A9D-1D27-446B-914A-C84AC8AEC559}.Debug|Any CPU.ActiveCfg = Debug|Any CPU
		{AB245A9D-1D27-446B-914A-C84AC8AEC559}.Debug|Any CPU.Build.0 = Debug|Any CPU
		{AB245A9D-1D27-446B-914A-C84AC8AEC559}.Release|Any CPU.ActiveCfg = Release|Any CPU
		{AB245A9D-1D27-446B-914A-C84AC8AEC559}.Release|Any CPU.Build.0 = Release|Any CPU
		{4C7FDEF4-089F-454F-847D-2EAE62555E15}.Debug|Any CPU.ActiveCfg = Debug|Any CPU
		{4C7FDEF4-089F-454F-847D-2EAE62555E15}.Debug|Any CPU.Build.0 = Debug|Any CPU
		{4C7FDEF4-089F-454F-847D-2EAE62555E15}.Release|Any CPU.ActiveCfg = Release|Any CPU
		{4C7FDEF4-089F-454F-847D-2EAE62555E15}.Release|Any CPU.Build.0 = Release|Any CPU
	EndGlobalSection
	GlobalSection(SolutionProperties) = preSolution
		HideSolutionNode = FALSE
	EndGlobalSection
	GlobalSection(NestedProjects) = preSolution
		{0C5D4E73-513B-45B9-9E5A-FD998FB90073} = {4E5C86FB-5786-4481-84C5-A8FEF4330356}
		{F4384A76-889D-40CF-8DD4-C6F0384CF802} = {4E5C86FB-5786-4481-84C5-A8FEF4330356}
		{40A01300-9EED-42F0-AFF9-311FC2A49DF8} = {4E5C86FB-5786-4481-84C5-A8FEF4330356}
		{9D2F65D8-875B-421B-9BA7-EEC6B0A57B0D} = {4E5C86FB-5786-4481-84C5-A8FEF4330356}
		{0452F37A-9339-476D-8D92-43BE9E0996A4} = {4E5C86FB-5786-4481-84C5-A8FEF4330356}
		{6E76BB0E-9FC4-4DC8-A52F-8B754139B46C} = {F902F0A7-76B8-492D-B1F7-A61C9ECE773F}
		{69D452DA-B552-4744-A344-467C2B85A02B} = {F902F0A7-76B8-492D-B1F7-A61C9ECE773F}
		{1260BFA5-1048-4299-8A17-C18FB3CD3A4D} = {F902F0A7-76B8-492D-B1F7-A61C9ECE773F}
		{A18132D3-D819-4BC6-9E5F-4292C2574254} = {F902F0A7-76B8-492D-B1F7-A61C9ECE773F}
		{7AD70A51-2BB0-4FE6-BF78-8A819651172A} = {F902F0A7-76B8-492D-B1F7-A61C9ECE773F}
		{5F01B881-A9A5-4A2F-9240-4B297171D1BC} = {09AE923B-65D4-492D-BCBF-2CE29008EDBD}
		{814091E3-A766-4482-B7F5-DD54988B482E} = {09AE923B-65D4-492D-BCBF-2CE29008EDBD}
		{02075545-FC81-4699-A578-74AF196F5225} = {09AE923B-65D4-492D-BCBF-2CE29008EDBD}
		{053765A7-FC1A-4669-9C51-338C2D65F3F6} = {09AE923B-65D4-492D-BCBF-2CE29008EDBD}
		{B08F0B50-9C46-4BB8-A068-D1E42F462459} = {7B6229AF-44B6-4059-97B7-546DDE0222D2}
		{900585F7-A99B-4794-8E88-7BAACA9BFBFF} = {7B6229AF-44B6-4059-97B7-546DDE0222D2}
		{5657B4BE-04FB-4B8E-8F02-587393D22938} = {7B6229AF-44B6-4059-97B7-546DDE0222D2}
		{AB245A9D-1D27-446B-914A-C84AC8AEC559} = {7B6229AF-44B6-4059-97B7-546DDE0222D2}
		{4C7FDEF4-089F-454F-847D-2EAE62555E15} = {D4636E32-9B4C-49CC-989E-6C149C2FEDFC}
	EndGlobalSection
	GlobalSection(ExtensibilityGlobals) = postSolution
		SolutionGuid = {FC934DFA-2B62-4727-8EEC-356DA585332C}
	EndGlobalSection
EndGlobal
